
Microsoft Visual Studio Solution File, Format Version 12.00
# Visual Studio Version 17
VisualStudioVersion = 17.12.35527.113 d17.12
MinimumVisualStudioVersion = 10.0.40219.1
Project("{FAE04EC0-301F-11D3-BF4B-00C04F79EFBC}") = "Assig5", "Assig5\Assig5.csproj", "{408C2FC3-56AC-4F5B-85F9-C7A6DADBE32F}"
EndProject
Global
	GlobalSection(SolutionConfigurationPlatforms) = preSolution
		Debug|Any CPU = Debug|Any CPU
		Release|Any CPU = Release|Any CPU
	EndGlobalSection
	GlobalSection(ProjectConfigurationPlatforms) = postSolution
		{408C2FC3-56AC-4F5B-85F9-C7A6DADBE32F}.Debug|Any CPU.ActiveCfg = Debug|Any CPU
		{408C2FC3-56AC-4F5B-85F9-C7A6DADBE32F}.Debug|Any CPU.Build.0 = Debug|Any CPU
		{408C2FC3-56AC-4F5B-85F9-C7A6DADBE32F}.Release|Any CPU.ActiveCfg = Release|Any CPU
		{408C2FC3-56AC-4F5B-85F9-C7A6DADBE32F}.Release|Any CPU.Build.0 = Release|Any CPU
	EndGlobalSection
	GlobalSection(SolutionProperties) = preSolution
		HideSolutionNode = FALSE
	EndGlobalSection
EndGlobal
